// !$*UTF8*$!
{
	archiveVersion = 1;
	classes = {
	};
	objectVersion = 48;
	objects = {

/* Begin PBXBuildFile section */
		4F32E37B1FB5779B004C5076 /* MenuViewController.m in Sources */ = {isa = PBXBuildFile; fileRef = 4F32E3751FB5779B004C5076 /* MenuViewController.m */; };
		4F32E3811FB577F9004C5076 /* KDotAlert.framework in Frameworks */ = {isa = PBXBuildFile; fileRef = 4F870F061FB576CC0010FE1D /* KDotAlert.framework */; };
		4F870EED1FB576980010FE1D /* AppDelegate.m in Sources */ = {isa = PBXBuildFile; fileRef = 4F870EEC1FB576980010FE1D /* AppDelegate.m */; };
		4F870EF51FB576980010FE1D /* Assets.xcassets in Resources */ = {isa = PBXBuildFile; fileRef = 4F870EF41FB576980010FE1D /* Assets.xcassets */; };
		4F870EF81FB576980010FE1D /* LaunchScreen.storyboard in Resources */ = {isa = PBXBuildFile; fileRef = 4F870EF61FB576980010FE1D /* LaunchScreen.storyboard */; };
		4F870EFB1FB576980010FE1D /* main.m in Sources */ = {isa = PBXBuildFile; fileRef = 4F870EFA1FB576980010FE1D /* main.m */; };
/* End PBXBuildFile section */

/* Begin PBXContainerItemProxy section */
		4F32E3821FB577FE004C5076 /* PBXContainerItemProxy */ = {
			isa = PBXContainerItemProxy;
			containerPortal = 4F870F011FB576CC0010FE1D /* KDotAlert.xcodeproj */;
			proxyType = 1;
			remoteGlobalIDString = 4F870ED31FB576790010FE1D;
			remoteInfo = KDotAlert;
		};
		4F870F051FB576CC0010FE1D /* PBXContainerItemProxy */ = {
			isa = PBXContainerItemProxy;
			containerPortal = 4F870F011FB576CC0010FE1D /* KDotAlert.xcodeproj */;
			proxyType = 2;
			remoteGlobalIDString = 4F870ED41FB576790010FE1D;
			remoteInfo = KDotAlert;
		};
/* End PBXContainerItemProxy section */

/* Begin PBXFileReference section */
		4F32E3731FB5779B004C5076 /* MenuViewController.h */ = {isa = PBXFileReference; fileEncoding = 4; lastKnownFileType = sourcecode.c.h; path = MenuViewController.h; sourceTree = "<group>"; };
		4F32E3751FB5779B004C5076 /* MenuViewController.m */ = {isa = PBXFileReference; fileEncoding = 4; lastKnownFileType = sourcecode.c.objc; path = MenuViewController.m; sourceTree = "<group>"; };
		4F870EE81FB576980010FE1D /* KDotAlertDemo.app */ = {isa = PBXFileReference; explicitFileType = wrapper.application; includeInIndex = 0; path = KDotAlertDemo.app; sourceTree = BUILT_PRODUCTS_DIR; };
		4F870EEB1FB576980010FE1D /* AppDelegate.h */ = {isa = PBXFileReference; lastKnownFileType = sourcecode.c.h; path = AppDelegate.h; sourceTree = "<group>"; };
		4F870EEC1FB576980010FE1D /* AppDelegate.m */ = {isa = PBXFileReference; lastKnownFileType = sourcecode.c.objc; path = AppDelegate.m; sourceTree = "<group>"; };
		4F870EF41FB576980010FE1D /* Assets.xcassets */ = {isa = PBXFileReference; lastKnownFileType = folder.assetcatalog; path = Assets.xcassets; sourceTree = "<group>"; };
		4F870EF71FB576980010FE1D /* Base */ = {isa = PBXFileReference; lastKnownFileType = file.storyboard; name = Base; path = Base.lproj/LaunchScreen.storyboard; sourceTree = "<group>"; };
		4F870EF91FB576980010FE1D /* Info.plist */ = {isa = PBXFileReference; lastKnownFileType = text.plist.xml; path = Info.plist; sourceTree = "<group>"; };
		4F870EFA1FB576980010FE1D /* main.m */ = {isa = PBXFileReference; lastKnownFileType = sourcecode.c.objc; path = main.m; sourceTree = "<group>"; };
		4F870F011FB576CC0010FE1D /* KDotAlert.xcodeproj */ = {isa = PBXFileReference; lastKnownFileType = "wrapper.pb-project"; path = KDotAlert.xcodeproj; sourceTree = "<group>"; };
/* End PBXFileReference section */

/* Begin PBXFrameworksBuildPhase section */
		4F870EE51FB576980010FE1D /* Frameworks */ = {
			isa = PBXFrameworksBuildPhase;
			buildActionMask = 2147483647;
			files = (
				4F32E3811FB577F9004C5076 /* KDotAlert.framework in Frameworks */,
			);
			runOnlyForDeploymentPostprocessing = 0;
		};
/* End PBXFrameworksBuildPhase section */

/* Begin PBXGroup section */
		4F32E3801FB577F9004C5076 /* Frameworks */ = {
			isa = PBXGroup;
			children = (
			);
			name = Frameworks;
			sourceTree = "<group>";
		};
		4F870EDF1FB576980010FE1D = {
			isa = PBXGroup;
			children = (
				4F870F011FB576CC0010FE1D /* KDotAlert.xcodeproj */,
				4F870EEA1FB576980010FE1D /* KDotAlertDemo */,
				4F870EE91FB576980010FE1D /* Products */,
				4F32E3801FB577F9004C5076 /* Frameworks */,
			);
			sourceTree = "<group>";
		};
		4F870EE91FB576980010FE1D /* Products */ = {
			isa = PBXGroup;
			children = (
				4F870EE81FB576980010FE1D /* KDotAlertDemo.app */,
			);
			name = Products;
			sourceTree = "<group>";
		};
		4F870EEA1FB576980010FE1D /* KDotAlertDemo */ = {
			isa = PBXGroup;
			children = (
				4F32E3731FB5779B004C5076 /* MenuViewController.h */,
				4F32E3751FB5779B004C5076 /* MenuViewController.m */,
				4F870EEB1FB576980010FE1D /* AppDelegate.h */,
				4F870EEC1FB576980010FE1D /* AppDelegate.m */,
				4F870EF41FB576980010FE1D /* Assets.xcassets */,
				4F870EF61FB576980010FE1D /* LaunchScreen.storyboard */,
				4F870EF91FB576980010FE1D /* Info.plist */,
				4F870EFA1FB576980010FE1D /* main.m */,
			);
			path = KDotAlertDemo;
			sourceTree = "<group>";
		};
		4F870F021FB576CC0010FE1D /* Products */ = {
			isa = PBXGroup;
			children = (
				4F870F061FB576CC0010FE1D /* KDotAlert.framework */,
			);
			name = Products;
			sourceTree = "<group>";
		};
/* End PBXGroup section */

/* Begin PBXNativeTarget section */
		4F870EE71FB576980010FE1D /* KDotAlertDemo */ = {
			isa = PBXNativeTarget;
			buildConfigurationList = 4F870EFE1FB576980010FE1D /* Build configuration list for PBXNativeTarget "KDotAlertDemo" */;
			buildPhases = (
				4F870EE41FB576980010FE1D /* Sources */,
				4F870EE51FB576980010FE1D /* Frameworks */,
				4F870EE61FB576980010FE1D /* Resources */,
			);
			buildRules = (
			);
			dependencies = (
				4F32E3831FB577FE004C5076 /* PBXTargetDependency */,
			);
			name = KDotAlertDemo;
			productName = KDotAlertDemo;
			productReference = 4F870EE81FB576980010FE1D /* KDotAlertDemo.app */;
			productType = "com.apple.product-type.application";
		};
/* End PBXNativeTarget section */

/* Begin PBXProject section */
		4F870EE01FB576980010FE1D /* Project object */ = {
			isa = PBXProject;
			attributes = {
				LastUpgradeCheck = 0910;
				ORGANIZATIONNAME = "Crazy凡";
				TargetAttributes = {
					4F870EE71FB576980010FE1D = {
						CreatedOnToolsVersion = 9.1;
						ProvisioningStyle = Automatic;
					};
				};
			};
			buildConfigurationList = 4F870EE31FB576980010FE1D /* Build configuration list for PBXProject "KDotAlertDemo" */;
			compatibilityVersion = "Xcode 8.0";
			developmentRegion = en;
			hasScannedForEncodings = 0;
			knownRegions = (
				en,
				Base,
			);
			mainGroup = 4F870EDF1FB576980010FE1D;
			productRefGroup = 4F870EE91FB576980010FE1D /* Products */;
			projectDirPath = "";
			projectReferences = (
				{
					ProductGroup = 4F870F021FB576CC0010FE1D /* Products */;
					ProjectRef = 4F870F011FB576CC0010FE1D /* KDotAlert.xcodeproj */;
				},
			);
			projectRoot = "";
			targets = (
				4F870EE71FB576980010FE1D /* KDotAlertDemo */,
			);
		};
/* End PBXProject section */

/* Begin PBXReferenceProxy section */
		4F870F061FB576CC0010FE1D /* KDotAlert.framework */ = {
			isa = PBXReferenceProxy;
			fileType = wrapper.framework;
			path = KDotAlert.framework;
			remoteRef = 4F870F051FB576CC0010FE1D /* PBXContainerItemProxy */;
			sourceTree = BUILT_PRODUCTS_DIR;
		};
/* End PBXReferenceProxy section */

/* Begin PBXResourcesBuildPhase section */
		4F870EE61FB576980010FE1D /* Resources */ = {
			isa = PBXResourcesBuildPhase;
			buildActionMask = 2147483647;
			files = (
				4F870EF81FB576980010FE1D /* LaunchScreen.storyboard in Resources */,
				4F870EF51FB576980010FE1D /* Assets.xcassets in Resources */,
			);
			runOnlyForDeploymentPostprocessing = 0;
		};
/* End PBXResourcesBuildPhase section */

/* Begin PBXSourcesBuildPhase section */
		4F870EE41FB576980010FE1D /* Sources */ = {
			isa = PBXSourcesBuildPhase;
			buildActionMask = 2147483647;
			files = (
				4F870EFB1FB576980010FE1D /* main.m in Sources */,
				4F32E37B1FB5779B004C5076 /* MenuViewController.m in Sources */,
				4F870EED1FB576980010FE1D /* AppDelegate.m in Sources */,
			);
			runOnlyForDeploymentPostprocessing = 0;
		};
/* End PBXSourcesBuildPhase section */

/* Begin PBXTargetDependency section */
		4F32E3831FB577FE004C5076 /* PBXTargetDependency */ = {
			isa = PBXTargetDependency;
			name = KDotAlert;
			targetProxy = 4F32E3821FB577FE004C5076 /* PBXContainerItemProxy */;
		};
/* End PBXTargetDependency section */

/* Begin PBXVariantGroup section */
		4F870EF61FB576980010FE1D /* LaunchScreen.storyboard */ = {
			isa = PBXVariantGroup;
			children = (
				4F870EF71FB576980010FE1D /* Base */,
			);
			name = LaunchScreen.storyboard;
			sourceTree = "<group>";
		};
/* End PBXVariantGroup section */

/* Begin XCBuildConfiguration section */
		4F870EFC1FB576980010FE1D /* Debug */ = {
			isa = XCBuildConfiguration;
			buildSettings = {
				ALWAYS_SEARCH_USER_PATHS = NO;
				CLANG_ANALYZER_NONNULL = YES;
				CLANG_ANALYZER_NUMBER_OBJECT_CONVERSION = YES_AGGRESSIVE;
				CLANG_CXX_LANGUAGE_STANDARD = "gnu++14";
				CLANG_CXX_LIBRARY = "libc++";
				CLANG_ENABLE_MODULES = YES;
				CLANG_ENABLE_OBJC_ARC = YES;
				CLANG_WARN_BLOCK_CAPTURE_AUTORELEASING = YES;
				CLANG_WARN_BOOL_CONVERSION = YES;
				CLANG_WARN_COMMA = YES;
				CLANG_WARN_CONSTANT_CONVERSION = YES;
				CLANG_WARN_DIRECT_OBJC_ISA_USAGE = YES_ERROR;
				CLANG_WARN_DOCUMENTATION_COMMENTS = YES;
				CLANG_WARN_EMPTY_BODY = YES;
				CLANG_WARN_ENUM_CONVERSION = YES;
				CLANG_WARN_INFINITE_RECURSION = YES;
				CLANG_WARN_INT_CONVERSION = YES;
				CLANG_WARN_NON_LITERAL_NULL_CONVERSION = YES;
				CLANG_WARN_OBJC_LITERAL_CONVERSION = YES;
				CLANG_WARN_OBJC_ROOT_CLASS = YES_ERROR;
				CLANG_WARN_RANGE_LOOP_ANALYSIS = YES;
				CLANG_WARN_STRICT_PROTOTYPES = YES;
				CLANG_WARN_SUSPICIOUS_MOVE = YES;
				CLANG_WARN_UNGUARDED_AVAILABILITY = YES_AGGRESSIVE;
				CLANG_WARN_UNREACHABLE_CODE = YES;
				CLANG_WARN__DUPLICATE_METHOD_MATCH = YES;
				CODE_SIGN_IDENTITY = "iPhone Developer";
				COPY_PHASE_STRIP = NO;
				DEBUG_INFORMATION_FORMAT = dwarf;
				ENABLE_STRICT_OBJC_MSGSEND = YES;
				ENABLE_TESTABILITY = YES;
				GCC_C_LANGUAGE_STANDARD = gnu11;
				GCC_DYNAMIC_NO_PIC = NO;
				GCC_NO_COMMON_BLOCKS = YES;
				GCC_OPTIMIZATION_LEVEL = 0;
				GCC_PREPROCESSOR_DEFINITIONS = (
					"DEBUG=1",
					"$(inherited)",
				);
				GCC_WARN_64_TO_32_BIT_CONVERSION = YES;
				GCC_WARN_ABOUT_RETURN_TYPE = YES_ERROR;
				GCC_WARN_UNDECLARED_SELECTOR = YES;
				GCC_WARN_UNINITIALIZED_AUTOS = YES_AGGRESSIVE;
				GCC_WARN_UNUSED_FUNCTION = YES;
				GCC_WARN_UNUSED_VARIABLE = YES;
				IPHONEOS_DEPLOYMENT_TARGET = 11.1;
				MTL_ENABLE_DEBUG_INFO = YES;
				ONLY_ACTIVE_ARCH = YES;
				SDKROOT = iphoneos;
			};
			name = Debug;
		};
		4F870EFD1FB576980010FE1D /* Release */ = {
			isa = XCBuildConfiguration;
			buildSettings = {
				ALWAYS_SEARCH_USER_PATHS = NO;
				CLANG_ANALYZER_NONNULL = YES;
				CLANG_ANALYZER_NUMBER_OBJECT_CONVERSION = YES_AGGRESSIVE;
				CLANG_CXX_LANGUAGE_STANDARD = "gnu++14";
				CLANG_CXX_LIBRARY = "libc++";
				CLANG_ENABLE_MODULES = YES;
				CLANG_ENABLE_OBJC_ARC = YES;
				CLANG_WARN_BLOCK_CAPTURE_AUTORELEASING = YES;
				CLANG_WARN_BOOL_CONVERSION = YES;
				CLANG_WARN_COMMA = YES;
				CLANG_WARN_CONSTANT_CONVERSION = YES;
				CLANG_WARN_DIRECT_OBJC_ISA_USAGE = YES_ERROR;
				CLANG_WARN_DOCUMENTATION_COMMENTS = YES;
				CLANG_WARN_EMPTY_BODY = YES;
				CLANG_WARN_ENUM_CONVERSION = YES;
				CLANG_WARN_INFINITE_RECURSION = YES;
				CLANG_WARN_INT_CONVERSION = YES;
				CLANG_WARN_NON_LITERAL_NULL_CONVERSION = YES;
				CLANG_WARN_OBJC_LITERAL_CONVERSION = YES;
				CLANG_WARN_OBJC_ROOT_CLASS = YES_ERROR;
				CLANG_WARN_RANGE_LOOP_ANALYSIS = YES;
				CLANG_WARN_STRICT_PROTOTYPES = YES;
				CLANG_WARN_SUSPICIOUS_MOVE = YES;
				CLANG_WARN_UNGUARDED_AVAILABILITY = YES_AGGRESSIVE;
				CLANG_WARN_UNREACHABLE_CODE = YES;
				CLANG_WARN__DUPLICATE_METHOD_MATCH = YES;
				CODE_SIGN_IDENTITY = "iPhone Developer";
				COPY_PHASE_STRIP = NO;
				DEBUG_INFORMATION_FORMAT = "dwarf-with-dsym";
				ENABLE_NS_ASSERTIONS = NO;
				ENABLE_STRICT_OBJC_MSGSEND = YES;
				GCC_C_LANGUAGE_STANDARD = gnu11;
				GCC_NO_COMMON_BLOCKS = YES;
				GCC_WARN_64_TO_32_BIT_CONVERSION = YES;
				GCC_WARN_ABOUT_RETURN_TYPE = YES_ERROR;
				GCC_WARN_UNDECLARED_SELECTOR = YES;
				GCC_WARN_UNINITIALIZED_AUTOS = YES_AGGRESSIVE;
				GCC_WARN_UNUSED_FUNCTION = YES;
				GCC_WARN_UNUSED_VARIABLE = YES;
				IPHONEOS_DEPLOYMENT_TARGET = 11.1;
				MTL_ENABLE_DEBUG_INFO = NO;
				SDKROOT = iphoneos;
				VALIDATE_PRODUCT = YES;
			};
			name = Release;
		};
		4F870EFF1FB576980010FE1D /* Debug */ = {
			isa = XCBuildConfiguration;
			buildSettings = {
				ASSETCATALOG_COMPILER_APPICON_NAME = AppIcon;
				CODE_SIGN_STYLE = Automatic;
				DEVELOPMENT_TEAM = FAH45WPA2T;
				INFOPLIST_FILE = KDotAlertDemo/Info.plist;
				IPHONEOS_DEPLOYMENT_TARGET = 8.0;
				LD_RUNPATH_SEARCH_PATHS = "$(inherited) @executable_path/Frameworks";
				PRODUCT_BUNDLE_IDENTIFIER = com.crazyfan.KDotAlertDemo;
				PRODUCT_NAME = "$(TARGET_NAME)";
				TARGETED_DEVICE_FAMILY = "1,2";
			};
			name = Debug;
		};
		4F870F001FB576980010FE1D /* Release */ = {
			isa = XCBuildConfiguration;
			buildSettings = {
				ASSETCATALOG_COMPILER_APPICON_NAME = AppIcon;
				CODE_SIGN_STYLE = Automatic;
				DEVELOPMENT_TEAM = FAH45WPA2T;
				INFOPLIST_FILE = KDotAlertDemo/Info.plist;
				IPHONEOS_DEPLOYMENT_TARGET = 8.0;
				LD_RUNPATH_SEARCH_PATHS = "$(inherited) @executable_path/Frameworks";
				PRODUCT_BUNDLE_IDENTIFIER = com.crazyfan.KDotAlertDemo;
				PRODUCT_NAME = "$(TARGET_NAME)";
				TARGETED_DEVICE_FAMILY = "1,2";
			};
			name = Release;
		};
/* End XCBuildConfiguration section */

/* Begin XCConfigurationList section */
		4F870EE31FB576980010FE1D /* Build configuration list for PBXProject "KDotAlertDemo" */ = {
			isa = XCConfigurationList;
			buildConfigurations = (
				4F870EFC1FB576980010FE1D /* Debug */,
				4F870EFD1FB576980010FE1D /* Release */,
			);
			defaultConfigurationIsVisible = 0;
			defaultConfigurationName = Release;
		};
		4F870EFE1FB576980010FE1D /* Build configuration list for PBXNativeTarget "KDotAlertDemo" */ = {
			isa = XCConfigurationList;
			buildConfigurations = (
				4F870EFF1FB576980010FE1D /* Debug */,
				4F870F001FB576980010FE1D /* Release */,
			);
			defaultConfigurationIsVisible = 0;
			defaultConfigurationName = Release;
		};
/* End XCConfigurationList section */
	};
	rootObject = 4F870EE01FB576980010FE1D /* Project object */;
}
